// !$*UTF8*$!
{
	archiveVersion = 1;
	classes = {
	};
	objectVersion = 77;
	objects = {

/* Begin PBXFileReference section */
		BA1DD68C3017504200DD7628 /* SwiftTour.playground */ = {isa = PBXFileReference; lastKnownFileType = file.playground; path = SwiftTour.playground; sourceTree = "<group>"; xcLanguageSpecificationIdentifier = xcode.lang.swift; };
/* End PBXFileReference section */

/* Begin PBXGroup section */
		BA1DD6853017500300DD7628 = {
			isa = PBXGroup;
			children = (
				BA1DD68C3017504200DD7628 /* SwiftTour.playground */,
			);
			sourceTree = "<group>";
		};
/* End PBXGroup section */

/* Begin PBXProject section */
		BA1DD6863017500300DD7628 /* Project object */ = {
			isa = PBXProject;
			attributes = {
				BuildIndependentTargetsInParallel = 1;
				LastUpgradeCheck = 1620;
			};
			buildConfigurationList = BA1DD6893017500300DD7628 /* Build configuration list for PBXProject "Học Swift" */;
			developmentRegion = en;
			hasScannedForEncodings = 0;
			knownRegions = (
				en,
				Base,
			);
			mainGroup = BA1DD6853017500300DD7628;
			minimizedProjectReferenceProxies = 1;
			preferredProjectObjectVersion = 77;
			projectDirPath = "";
			projectRoot = "";
			targets = (
			);
		};
/* End PBXProject section */

/* Begin XCBuildConfiguration section */
		BA1DD68A3017500300DD7628 /* Debug */ = {
			isa = XCBuildConfiguration;
			buildSettings = {
			};
			name = Debug;
		};
		BA1DD68B3017500300DD7628 /* Release */ = {
			isa = XCBuildConfiguration;
			buildSettings = {
			};
			name = Release;
		};
/* End XCBuildConfiguration section */

/* Begin XCConfigurationList section */
		BA1DD6893017500300DD7628 /* Build configuration list for PBXProject "Học Swift" */ = {
			isa = XCConfigurationList;
			buildConfigurations = (
				BA1DD68A3017500300DD7628 /* Debug */,
				BA1DD68B3017500300DD7628 /* Release */,
			);
			defaultConfigurationIsVisible = 0;
			defaultConfigurationName = Release;
		};
/* End XCConfigurationList section */
	};
	rootObject = BA1DD6863017500300DD7628 /* Project object */;
}
